
Microsoft Visual Studio Solution File, Format Version 12.00
# Visual Studio Version 16
VisualStudioVersion = 16.0.33027.164
MinimumVisualStudioVersion = 10.0.40219.1
Project("{8BC9CEB8-8B4A-11D0-8D11-00A0C91BC942}") = "ChernoOpenGL", "ChernoOpenGL\ChernoOpenGL.vcxproj", "{5504A2F6-4AD9-4F02-87D3-506360B94B4F}"
EndProject
Global
	GlobalSection(SolutionConfigurationPlatforms) = preSolution
		Debug|x64 = Debug|x64
		Debug|x86 = Debug|x86
		Release|x64 = Release|x64
		Release|x86 = Release|x86
	EndGlobalSection
	GlobalSection(ProjectConfigurationPlatforms) = postSolution
		{5504A2F6-4AD9-4F02-87D3-506360B94B4F}.Debug|x64.ActiveCfg = Debug|x64
		{5504A2F6-4AD9-4F02-87D3-506360B94B4F}.Debug|x64.Build.0 = Debug|x64
		{5504A2F6-4AD9-4F02-87D3-506360B94B4F}.Debug|x86.ActiveCfg = Debug|Win32
		{5504A2F6-4AD9-4F02-87D3-506360B94B4F}.Debug|x86.Build.0 = Debug|Win32
		{5504A2F6-4AD9-4F02-87D3-506360B94B4F}.Release|x64.ActiveCfg = Release|x64
		{5504A2F6-4AD9-4F02-87D3-506360B94B4F}.Release|x64.Build.0 = Release|x64
		{5504A2F6-4AD9-4F02-87D3-506360B94B4F}.Release|x86.ActiveCfg = Release|Win32
		{5504A2F6-4AD9-4F02-87D3-506360B94B4F}.Release|x86.Build.0 = Release|Win32
	EndGlobalSection
	GlobalSection(SolutionProperties) = preSolution
		HideSolutionNode = FALSE
	EndGlobalSection
	GlobalSection(ExtensibilityGlobals) = postSolution
		SolutionGuid = {7062CF7D-6835-4288-BD62-2893B927ED91}
	EndGlobalSection
EndGlobal
